
Microsoft Visual Studio Solution File, Format Version 12.00
# Visual Studio Version 17
VisualStudioVersion = 17.2.32616.157
MinimumVisualStudioVersion = 10.0.40219.1
Project("{9A19103F-16F7-4668-BE54-9A1E7A4F7556}") = "BankAccount", "BankAccount\BankAccount.csproj", "{89E206E7-8808-41CE-90FE-5FFACFACDF53}"
EndProject
Project("{9A19103F-16F7-4668-BE54-9A1E7A4F7556}") = "MyBankLibrary", "MyBankLibrary\MyBankLibrary.csproj", "{F6BE780A-034B-466B-8127-28EE956CF31F}"
EndProject
Project("{FAE04EC0-301F-11D3-BF4B-00C04F79EFBC}") = "BankingTests", "BankingTests\BankingTests.csproj", "{7134ABAB-BF6D-4514-A119-6AF7A5DA3D2C}"
EndProject
Global
	GlobalSection(SolutionConfigurationPlatforms) = preSolution
		Debug|Any CPU = Debug|Any CPU
		Release|Any CPU = Release|Any CPU
	EndGlobalSection
	GlobalSection(ProjectConfigurationPlatforms) = postSolution
		{89E206E7-8808-41CE-90FE-5FFACFACDF53}.Debug|Any CPU.ActiveCfg = Debug|Any CPU
		{89E206E7-8808-41CE-90FE-5FFACFACDF53}.Debug|Any CPU.Build.0 = Debug|Any CPU
		{89E206E7-8808-41CE-90FE-5FFACFACDF53}.Release|Any CPU.ActiveCfg = Release|Any CPU
		{89E206E7-8808-41CE-90FE-5FFACFACDF53}.Release|Any CPU.Build.0 = Release|Any CPU
		{F6BE780A-034B-466B-8127-28EE956CF31F}.Debug|Any CPU.ActiveCfg = Debug|Any CPU
		{F6BE780A-034B-466B-8127-28EE956CF31F}.Debug|Any CPU.Build.0 = Debug|Any CPU
		{F6BE780A-034B-466B-8127-28EE956CF31F}.Release|Any CPU.ActiveCfg = Release|Any CPU
		{F6BE780A-034B-466B-8127-28EE956CF31F}.Release|Any CPU.Build.0 = Release|Any CPU
		{7134ABAB-BF6D-4514-A119-6AF7A5DA3D2C}.Debug|Any CPU.ActiveCfg = Debug|Any CPU
		{7134ABAB-BF6D-4514-A119-6AF7A5DA3D2C}.Debug|Any CPU.Build.0 = Debug|Any CPU
		{7134ABAB-BF6D-4514-A119-6AF7A5DA3D2C}.Release|Any CPU.ActiveCfg = Release|Any CPU
		{7134ABAB-BF6D-4514-A119-6AF7A5DA3D2C}.Release|Any CPU.Build.0 = Release|Any CPU
	EndGlobalSection
	GlobalSection(SolutionProperties) = preSolution
		HideSolutionNode = FALSE
	EndGlobalSection
	GlobalSection(ExtensibilityGlobals) = postSolution
		SolutionGuid = {DADD7823-BA59-439F-A2BD-0AB5D6028CBA}
	EndGlobalSection
EndGlobal
